{
  "nodes": {
    "bats-assert": {
      "flake": false,
      "locked": {
        "lastModified": 1636059754,
        "narHash": "sha256-ewME0l27ZqfmAwJO4h5biTALc9bDLv7Bl3ftBzBuZwk=",
        "owner": "bats-core",
        "repo": "bats-assert",
        "rev": "34551b1d7f8c7b677c1a66fc0ac140d6223409e5",
        "type": "github"
      },
      "original": {
        "owner": "bats-core",
        "repo": "bats-assert",
        "type": "github"
      }
    },
    "bats-support": {
      "flake": false,
      "locked": {
        "lastModified": 1548869839,
        "narHash": "sha256-Gr4ntadr42F2Ks8Pte2D4wNDbijhujuoJi4OPZnTAZU=",
        "owner": "bats-core",
        "repo": "bats-support",
        "rev": "d140a65044b2d6810381935ae7f0c94c7023c8c3",
        "type": "github"
      },
      "original": {
        "owner": "bats-core",
        "repo": "bats-support",
        "type": "github"
      }
    },
    "flake-compat": {
      "locked": {
        "lastModified": 1696426674,
        "narHash": "sha256-kvjfFW7WAETZlt09AgDn1MrtKzP7t90Vf7vypd3OL1U=",
        "owner": "edolstra",
        "repo": "flake-compat",
        "rev": "0f9255e01c2351cc7d116c072cb317785dd33b33",
        "type": "github"
      },
      "original": {
        "owner": "edolstra",
        "repo": "flake-compat",
        "type": "github"
      }
    },
    "flake-utils": {
      "inputs": {
        "systems": "systems"
      },
      "locked": {
        "lastModified": 1701680307,
        "narHash": "sha256-kAuep2h5ajznlPMD9rnQyffWG8EM/C73lejGofXvdM8=",
        "owner": "numtide",
        "repo": "flake-utils",
        "rev": "4022d587cbbfd70fe950c1e2083a02621806a725",
        "type": "github"
      },
      "original": {
        "owner": "numtide",
        "repo": "flake-utils",
        "type": "github"
      }
    },
    "gomod2nix": {
      "inputs": {
        "flake-utils": [
          "flake-utils"
        ],
        "nixpkgs": [
          "nixpkgs"
        ]
      },
      "locked": {
        "lastModified": 1705314449,
        "narHash": "sha256-yfQQ67dLejP0FLK76LKHbkzcQqNIrux6MFe32MMFGNQ=",
        "owner": "tweag",
        "repo": "gomod2nix",
        "rev": "30e3c3a9ec4ac8453282ca7f67fca9e1da12c3e6",
        "type": "github"
      },
      "original": {
        "owner": "tweag",
        "repo": "gomod2nix",
        "type": "github"
      }
    },
    "nix-nomad": {
      "inputs": {
        "flake-compat": [
          "flake-compat"
        ],
        "flake-utils": [
          "flake-utils"
        ],
        "gomod2nix": [
          "gomod2nix"
        ],
        "nixpkgs": [
          "nixpkgs"
        ],
        "nixpkgs-lib": "nixpkgs-lib"
      },
      "locked": {
        "lastModified": 1672531382,
        "narHash": "sha256-zbvXzPBBbv5mYPwy/XB3NaBAx3yTYQWNYjz/c/ccH3w=",
        "owner": "tristanpemble",
        "repo": "nix-nomad",
        "rev": "ffbb8c97b2b665ec3a0dd393af79c0192a5546db",
        "type": "github"
      },
      "original": {
        "owner": "tristanpemble",
        "repo": "nix-nomad",
        "type": "github"
      }
    },
    "nixpkgs": {
      "locked": {
        "lastModified": 1704999660,
        "narHash": "sha256-nKC1rq0+9uswJzkVyBH6aTzKrE31GPNZHmLWfGhvXL8=",
        "owner": "nixos",
        "repo": "nixpkgs",
        "rev": "6cd98a7a7575e7ff7923b1c84259da0b43ba827e",
        "type": "github"
      },
      "original": {
        "owner": "nixos",
        "repo": "nixpkgs",
        "type": "github"
      }
    },
    "nixpkgs-lib": {
      "locked": {
        "lastModified": 1671929364,
        "narHash": "sha256-N9GW06FZTKDpkv9YLMXswUxnX27b9qEtfTg7WsSdXjc=",
        "owner": "nix-community",
        "repo": "nixpkgs.lib",
        "rev": "a909f7a2fb4ec6d14d52b8a727bb9ba465e15766",
        "type": "github"
      },
      "original": {
        "owner": "nix-community",
        "repo": "nixpkgs.lib",
        "type": "github"
      }
    },
    "nixpkgs-unfree": {
      "inputs": {
        "nixpkgs": [
          "nixpkgs"
        ]
      },
      "locked": {
        "lastModified": 1701957584,
        "narHash": "sha256-xEpFaRdrneHl3Xdyzp3emd4QVxML7AR3GC91wuWi0Ok=",
        "owner": "numtide",
        "repo": "nixpkgs-unfree",
        "rev": "127b9b18583de04c6207c2a0e674abf64fc4a3b1",
        "type": "github"
      },
      "original": {
        "owner": "numtide",
        "repo": "nixpkgs-unfree",
        "type": "github"
      }
    },
    "root": {
      "inputs": {
        "flake-compat": "flake-compat",
        "flake-utils": "flake-utils",
        "gomod2nix": "gomod2nix",
        "nix-nomad": "nix-nomad",
        "nixpkgs": "nixpkgs",
        "nixpkgs-unfree": "nixpkgs-unfree",
        "terranix": "terranix",
        "terranix-hcloud": "terranix-hcloud"
      }
    },
    "systems": {
      "locked": {
        "lastModified": 1681028828,
        "narHash": "sha256-Vy1rq5AaRuLzOxct8nz4T6wlgyUR7zLU309k9mBC768=",
        "owner": "nix-systems",
        "repo": "default",
        "rev": "da67096a3b9bf56a91d16901293e51ba5b49a27e",
        "type": "github"
      },
      "original": {
        "owner": "nix-systems",
        "repo": "default",
        "type": "github"
      }
    },
    "terranix": {
      "inputs": {
        "bats-assert": "bats-assert",
        "bats-support": "bats-support",
        "flake-utils": [
          "flake-utils"
        ],
        "nixpkgs": [
          "nixpkgs"
        ],
        "terranix-examples": "terranix-examples"
      },
      "locked": {
        "lastModified": 1695406838,
        "narHash": "sha256-xiUfVD6rtsVWFotVtUW3Q1nQh4obKzgvpN1wqZuGXvM=",
        "owner": "terranix",
        "repo": "terranix",
        "rev": "fc9077ca02ab5681935dbf0ecd725c4d889b9275",
        "type": "github"
      },
      "original": {
        "owner": "terranix",
        "repo": "terranix",
        "type": "github"
      }
    },
    "terranix-examples": {
      "locked": {
        "lastModified": 1636300201,
        "narHash": "sha256-0n1je1WpiR6XfCsvi8ZK7GrpEnMl+DpwhWaO1949Vbc=",
        "owner": "terranix",
        "repo": "terranix-examples",
        "rev": "a934aa1cf88f6bd6c6ddb4c77b77ec6e1660bd5e",
        "type": "github"
      },
      "original": {
        "owner": "terranix",
        "repo": "terranix-examples",
        "type": "github"
      }
    },
    "terranix-hcloud": {
      "inputs": {
        "flake-utils": [
          "flake-utils"
        ],
        "nixpkgs": [
          "nixpkgs"
        ],
        "terranix": [
          "terranix"
        ]
      },
      "locked": {
        "lastModified": 1687791412,
        "narHash": "sha256-5acZ+oKhoHmrlX1hRad6IisXyggR5prbCvMUuU7zlr0=",
        "owner": "terranix",
        "repo": "terranix-hcloud",
        "rev": "6bcdfc395aeb37f83287f817eb620553534c3ff2",
        "type": "github"
      },
      "original": {
        "owner": "terranix",
        "repo": "terranix-hcloud",
        "type": "github"
      }
    }
  },
  "root": "root",
  "version": 7
}
